
Microsoft Visual Studio Solution File, Format Version 12.00
# Visual Studio 2013
VisualStudioVersion = 12.0.40629.0
MinimumVisualStudioVersion = 10.0.40219.1
Project("{FAE04EC0-301F-11D3-BF4B-00C04F79EFBC}") = "oDataModel", "oData\oDataModel\oDataModel.csproj", "{C50145E6-A244-4F1F-B41F-90D1925B4A00}"
EndProject
Project("{FAE04EC0-301F-11D3-BF4B-00C04F79EFBC}") = "oData3", "oData3\oData3.csproj", "{DCCA602E-D008-45FC-8755-1FA519EFB1DF}"
EndProject
Global
	GlobalSection(TeamFoundationVersionControl) = preSolution
		SccNumberOfProjects = 3
		SccEnterpriseProvider = {4CA58AB2-18FA-4F8D-95D4-32DDF27D184C}
		SccTeamFoundationServer = https://davidem.visualstudio.com/defaultcollection
		SccLocalPath0 = .
		SccProjectUniqueName1 = oData3\\oData3.csproj
		SccProjectName1 = oData3
		SccLocalPath1 = oData3
		SccProjectUniqueName2 = oData\\oDataModel\\oDataModel.csproj
		SccProjectName2 = oData/oDataModel
		SccLocalPath2 = oData\\oDataModel
	EndGlobalSection
	GlobalSection(SolutionConfigurationPlatforms) = preSolution
		Debug|Any CPU = Debug|Any CPU
		Release|Any CPU = Release|Any CPU
	EndGlobalSection
	GlobalSection(ProjectConfigurationPlatforms) = postSolution
		{C50145E6-A244-4F1F-B41F-90D1925B4A00}.Debug|Any CPU.ActiveCfg = Debug|Any CPU
		{C50145E6-A244-4F1F-B41F-90D1925B4A00}.Debug|Any CPU.Build.0 = Debug|Any CPU
		{C50145E6-A244-4F1F-B41F-90D1925B4A00}.Release|Any CPU.ActiveCfg = Release|Any CPU
		{C50145E6-A244-4F1F-B41F-90D1925B4A00}.Release|Any CPU.Build.0 = Release|Any CPU
		{DCCA602E-D008-45FC-8755-1FA519EFB1DF}.Debug|Any CPU.ActiveCfg = Debug|Any CPU
		{DCCA602E-D008-45FC-8755-1FA519EFB1DF}.Debug|Any CPU.Build.0 = Debug|Any CPU
		{DCCA602E-D008-45FC-8755-1FA519EFB1DF}.Release|Any CPU.ActiveCfg = Release|Any CPU
		{DCCA602E-D008-45FC-8755-1FA519EFB1DF}.Release|Any CPU.Build.0 = Release|Any CPU
	EndGlobalSection
	GlobalSection(SolutionProperties) = preSolution
		HideSolutionNode = FALSE
	EndGlobalSection
EndGlobal
